
Microsoft Visual Studio Solution File, Format Version 12.00
# Visual Studio Version 16
VisualStudioVersion = 16.0.31702.278
MinimumVisualStudioVersion = 10.0.40219.1
Project("{FAE04EC0-301F-11D3-BF4B-00C04F79EFBC}") = "NaipesApi", "NaipesApi\NaipesApi.csproj", "{75D88808-DC12-4EBB-A573-FA1404B76DC0}"
EndProject
Global
	GlobalSection(SolutionConfigurationPlatforms) = preSolution
		Debug|Any CPU = Debug|Any CPU
		Release|Any CPU = Release|Any CPU
	EndGlobalSection
	GlobalSection(ProjectConfigurationPlatforms) = postSolution
		{75D88808-DC12-4EBB-A573-FA1404B76DC0}.Debug|Any CPU.ActiveCfg = Debug|Any CPU
		{75D88808-DC12-4EBB-A573-FA1404B76DC0}.Debug|Any CPU.Build.0 = Debug|Any CPU
		{75D88808-DC12-4EBB-A573-FA1404B76DC0}.Release|Any CPU.ActiveCfg = Release|Any CPU
		{75D88808-DC12-4EBB-A573-FA1404B76DC0}.Release|Any CPU.Build.0 = Release|Any CPU
	EndGlobalSection
	GlobalSection(SolutionProperties) = preSolution
		HideSolutionNode = FALSE
	EndGlobalSection
	GlobalSection(ExtensibilityGlobals) = postSolution
		SolutionGuid = {92CE8861-9B7C-4541-9F82-785FB21A60DC}
	EndGlobalSection
EndGlobal
